// !$*UTF8*$!
{
	archiveVersion = 1;
	classes = {
	};
	objectVersion = 77;
	objects = {

/* Begin PBXBuildFile section */
		3A07686D2FBDDB1B004C1D38 /* BankingDesignSystem in Frameworks */ = {isa = PBXBuildFile; productRef = 3A07686C2FBDDB1B004C1D38 /* BankingDesignSystem */; };
		3A7515862FC30A6C00B3B286 /* ContentView.swift in Sources */ = {isa = PBXBuildFile; fileRef = 3A7515852FC30A6C00B3B286 /* ContentView.swift */; };
		3A7515872FC30A6C00B3B286 /* BankingTaskApp.swift in Sources */ = {isa = PBXBuildFile; fileRef = 3A7515842FC30A6C00B3B286 /* BankingTaskApp.swift */; };
		3A80B4C02FBDE53600FCD2B5 /* Transaction.swift in Sources */ = {isa = PBXBuildFile; fileRef = 3A80B4BF2FBDE53300FCD2B5 /* Transaction.swift */; };
		3A80B4C22FBE002200FCD2B5 /* TransactionsService.swift in Sources */ = {isa = PBXBuildFile; fileRef = 3A80B4C12FBE001F00FCD2B5 /* TransactionsService.swift */; };
		3A80B4C42FBE005B00FCD2B5 /* TransactionsStore.swift in Sources */ = {isa = PBXBuildFile; fileRef = 3A80B4C32FBE005A00FCD2B5 /* TransactionsStore.swift */; };
		3A80B4C62FBE28D000FCD2B5 /* TransactionsListView.swift in Sources */ = {isa = PBXBuildFile; fileRef = 3A80B4C52FBE28CE00FCD2B5 /* TransactionsListView.swift */; };
		3A80B4C82FBF237400FCD2B5 /* TransactionDetailsView.swift in Sources */ = {isa = PBXBuildFile; fileRef = 3A80B4C72FBF237200FCD2B5 /* TransactionDetailsView.swift */; };
/* End PBXBuildFile section */

/* Begin PBXFileReference section */
		3A07685A2FBDC77F004C1D38 /* BankingTask.app */ = {isa = PBXFileReference; explicitFileType = wrapper.application; includeInIndex = 0; path = BankingTask.app; sourceTree = BUILT_PRODUCTS_DIR; };
		3A07686A2FBDDB0E004C1D38 /* BankingDesignSystem */ = {isa = PBXFileReference; lastKnownFileType = wrapper; path = BankingDesignSystem; sourceTree = "<group>"; };
		3A7515842FC30A6C00B3B286 /* BankingTaskApp.swift */ = {isa = PBXFileReference; lastKnownFileType = sourcecode.swift; path = BankingTaskApp.swift; sourceTree = "<group>"; };
		3A7515852FC30A6C00B3B286 /* ContentView.swift */ = {isa = PBXFileReference; lastKnownFileType = sourcecode.swift; path = ContentView.swift; sourceTree = "<group>"; };
		3A75158D2FC30D2300B3B286 /* README.md */ = {isa = PBXFileReference; lastKnownFileType = net.daringfireball.markdown; path = README.md; sourceTree = "<group>"; };
		3A80B4BF2FBDE53300FCD2B5 /* Transaction.swift */ = {isa = PBXFileReference; lastKnownFileType = sourcecode.swift; path = Transaction.swift; sourceTree = "<group>"; };
		3A80B4C12FBE001F00FCD2B5 /* TransactionsService.swift */ = {isa = PBXFileReference; lastKnownFileType = sourcecode.swift; path = TransactionsService.swift; sourceTree = "<group>"; };
		3A80B4C32FBE005A00FCD2B5 /* TransactionsStore.swift */ = {isa = PBXFileReference; lastKnownFileType = sourcecode.swift; path = TransactionsStore.swift; sourceTree = "<group>"; };
		3A80B4C52FBE28CE00FCD2B5 /* TransactionsListView.swift */ = {isa = PBXFileReference; lastKnownFileType = sourcecode.swift; path = TransactionsListView.swift; sourceTree = "<group>"; };
		3A80B4C72FBF237200FCD2B5 /* TransactionDetailsView.swift */ = {isa = PBXFileReference; lastKnownFileType = sourcecode.swift; path = TransactionDetailsView.swift; sourceTree = "<group>"; };
/* End PBXFileReference section */

/* Begin PBXFrameworksBuildPhase section */
		3A0768572FBDC77F004C1D38 /* Frameworks */ = {
			isa = PBXFrameworksBuildPhase;
			buildActionMask = 2147483647;
			files = (
				3A07686D2FBDDB1B004C1D38 /* BankingDesignSystem in Frameworks */,
			);
			runOnlyForDeploymentPostprocessing = 0;
		};
/* End PBXFrameworksBuildPhase section */

/* Begin PBXGroup section */
		3A0768512FBDC77F004C1D38 = {
			isa = PBXGroup;
			children = (
				3A75158D2FC30D2300B3B286 /* README.md */,
				3A07686A2FBDDB0E004C1D38 /* BankingDesignSystem */,
				3A7515832FC30A0500B3B286 /* BankingTask */,
				3A07685B2FBDC77F004C1D38 /* Products */,
			);
			sourceTree = "<group>";
		};
		3A07685B2FBDC77F004C1D38 /* Products */ = {
			isa = PBXGroup;
			children = (
				3A07685A2FBDC77F004C1D38 /* BankingTask.app */,
			);
			name = Products;
			sourceTree = "<group>";
		};
		3A7515832FC30A0500B3B286 /* BankingTask */ = {
			isa = PBXGroup;
			children = (
				3A75158C2FC30B0A00B3B286 /* Services */,
				3A75158B2FC30AFF00B3B286 /* Stores */,
				3A75158A2FC30AEF00B3B286 /* Models */,
				3A7515892FC30AE600B3B286 /* Views */,
				3A7515882FC30ACA00B3B286 /* App */,
			);
			path = BankingTask;
			sourceTree = "<group>";
		};
		3A7515882FC30ACA00B3B286 /* App */ = {
			isa = PBXGroup;
			children = (
				3A7515842FC30A6C00B3B286 /* BankingTaskApp.swift */,
				3A7515852FC30A6C00B3B286 /* ContentView.swift */,
			);
			path = App;
			sourceTree = "<group>";
		};
		3A7515892FC30AE600B3B286 /* Views */ = {
			isa = PBXGroup;
			children = (
				3A80B4C72FBF237200FCD2B5 /* TransactionDetailsView.swift */,
				3A80B4C52FBE28CE00FCD2B5 /* TransactionsListView.swift */,
			);
			path = Views;
			sourceTree = "<group>";
		};
		3A75158A2FC30AEF00B3B286 /* Models */ = {
			isa = PBXGroup;
			children = (
				3A80B4BF2FBDE53300FCD2B5 /* Transaction.swift */,
			);
			path = Models;
			sourceTree = "<group>";
		};
		3A75158B2FC30AFF00B3B286 /* Stores */ = {
			isa = PBXGroup;
			children = (
				3A80B4C32FBE005A00FCD2B5 /* TransactionsStore.swift */,
			);
			path = Stores;
			sourceTree = "<group>";
		};
		3A75158C2FC30B0A00B3B286 /* Services */ = {
			isa = PBXGroup;
			children = (
				3A80B4C12FBE001F00FCD2B5 /* TransactionsService.swift */,
			);
			path = Services;
			sourceTree = "<group>";
		};
/* End PBXGroup section */

/* Begin PBXNativeTarget section */
		3A0768592FBDC77F004C1D38 /* BankingTask */ = {
			isa = PBXNativeTarget;
			buildConfigurationList = 3A0768652FBDC780004C1D38 /* Build configuration list for PBXNativeTarget "BankingTask" */;
			buildPhases = (
				3A0768562FBDC77F004C1D38 /* Sources */,
				3A0768572FBDC77F004C1D38 /* Frameworks */,
				3A0768582FBDC77F004C1D38 /* Resources */,
			);
			buildRules = (
			);
			dependencies = (
			);
			name = BankingTask;
			packageProductDependencies = (
				3A07686C2FBDDB1B004C1D38 /* BankingDesignSystem */,
			);
			productName = BankingTask;
			productReference = 3A07685A2FBDC77F004C1D38 /* BankingTask.app */;
			productType = "com.apple.product-type.application";
		};
/* End PBXNativeTarget section */

/* Begin PBXProject section */
		3A0768522FBDC77F004C1D38 /* Project object */ = {
			isa = PBXProject;
			attributes = {
				BuildIndependentTargetsInParallel = 1;
				LastSwiftUpdateCheck = 1640;
				LastUpgradeCheck = 1640;
				TargetAttributes = {
					3A0768592FBDC77F004C1D38 = {
						CreatedOnToolsVersion = 16.4;
					};
				};
			};
			buildConfigurationList = 3A0768552FBDC77F004C1D38 /* Build configuration list for PBXProject "BankingTask" */;
			developmentRegion = en;
			hasScannedForEncodings = 0;
			knownRegions = (
				en,
				Base,
			);
			mainGroup = 3A0768512FBDC77F004C1D38;
			minimizedProjectReferenceProxies = 1;
			packageReferences = (
				3A07686B2FBDDB1B004C1D38 /* XCLocalSwiftPackageReference "BankingDesignSystem" */,
			);
			preferredProjectObjectVersion = 77;
			productRefGroup = 3A07685B2FBDC77F004C1D38 /* Products */;
			projectDirPath = "";
			projectRoot = "";
			targets = (
				3A0768592FBDC77F004C1D38 /* BankingTask */,
			);
		};
/* End PBXProject section */

/* Begin PBXResourcesBuildPhase section */
		3A0768582FBDC77F004C1D38 /* Resources */ = {
			isa = PBXResourcesBuildPhase;
			buildActionMask = 2147483647;
			files = (
			);
			runOnlyForDeploymentPostprocessing = 0;
		};
/* End PBXResourcesBuildPhase section */

/* Begin PBXSourcesBuildPhase section */
		3A0768562FBDC77F004C1D38 /* Sources */ = {
			isa = PBXSourcesBuildPhase;
			buildActionMask = 2147483647;
			files = (
				3A80B4C82FBF237400FCD2B5 /* TransactionDetailsView.swift in Sources */,
				3A7515862FC30A6C00B3B286 /* ContentView.swift in Sources */,
				3A7515872FC30A6C00B3B286 /* BankingTaskApp.swift in Sources */,
				3A80B4C62FBE28D000FCD2B5 /* TransactionsListView.swift in Sources */,
				3A80B4C42FBE005B00FCD2B5 /* TransactionsStore.swift in Sources */,
				3A80B4C22FBE002200FCD2B5 /* TransactionsService.swift in Sources */,
				3A80B4C02FBDE53600FCD2B5 /* Transaction.swift in Sources */,
			);
			runOnlyForDeploymentPostprocessing = 0;
		};
/* End PBXSourcesBuildPhase section */

/* Begin XCBuildConfiguration section */
		3A0768632FBDC780004C1D38 /* Debug */ = {
			isa = XCBuildConfiguration;
			buildSettings = {
				ALWAYS_SEARCH_USER_PATHS = NO;
				ASSETCATALOG_COMPILER_GENERATE_SWIFT_ASSET_SYMBOL_EXTENSIONS = YES;
				CLANG_ANALYZER_NONNULL = YES;
				CLANG_ANALYZER_NUMBER_OBJECT_CONVERSION = YES_AGGRESSIVE;
				CLANG_CXX_LANGUAGE_STANDARD = "gnu++20";
				CLANG_ENABLE_MODULES = YES;
				CLANG_ENABLE_OBJC_ARC = YES;
				CLANG_ENABLE_OBJC_WEAK = YES;
				CLANG_WARN_BLOCK_CAPTURE_AUTORELEASING = YES;
				CLANG_WARN_BOOL_CONVERSION = YES;
				CLANG_WARN_COMMA = YES;
				CLANG_WARN_CONSTANT_CONVERSION = YES;
				CLANG_WARN_DEPRECATED_OBJC_IMPLEMENTATIONS = YES;
				CLANG_WARN_DIRECT_OBJC_ISA_USAGE = YES_ERROR;
				CLANG_WARN_DOCUMENTATION_COMMENTS = YES;
				CLANG_WARN_EMPTY_BODY = YES;
				CLANG_WARN_ENUM_CONVERSION = YES;
				CLANG_WARN_INFINITE_RECURSION = YES;
				CLANG_WARN_INT_CONVERSION = YES;
				CLANG_WARN_NON_LITERAL_NULL_CONVERSION = YES;
				CLANG_WARN_OBJC_IMPLICIT_RETAIN_SELF = YES;
				CLANG_WARN_OBJC_LITERAL_CONVERSION = YES;
				CLANG_WARN_OBJC_ROOT_CLASS = YES_ERROR;
				CLANG_WARN_QUOTED_INCLUDE_IN_FRAMEWORK_HEADER = YES;
				CLANG_WARN_RANGE_LOOP_ANALYSIS = YES;
				CLANG_WARN_STRICT_PROTOTYPES = YES;
				CLANG_WARN_SUSPICIOUS_MOVE = YES;
				CLANG_WARN_UNGUARDED_AVAILABILITY = YES_AGGRESSIVE;
				CLANG_WARN_UNREACHABLE_CODE = YES;
				CLANG_WARN__DUPLICATE_METHOD_MATCH = YES;
				COPY_PHASE_STRIP = NO;
				DEBUG_INFORMATION_FORMAT = dwarf;
				ENABLE_STRICT_OBJC_MSGSEND = YES;
				ENABLE_TESTABILITY = YES;
				ENABLE_USER_SCRIPT_SANDBOXING = YES;
				GCC_C_LANGUAGE_STANDARD = gnu17;
				GCC_DYNAMIC_NO_PIC = NO;
				GCC_NO_COMMON_BLOCKS = YES;
				GCC_OPTIMIZATION_LEVEL = 0;
				GCC_PREPROCESSOR_DEFINITIONS = (
					"DEBUG=1",
					"$(inherited)",
				);
				GCC_WARN_64_TO_32_BIT_CONVERSION = YES;
				GCC_WARN_ABOUT_RETURN_TYPE = YES_ERROR;
				GCC_WARN_UNDECLARED_SELECTOR = YES;
				GCC_WARN_UNINITIALIZED_AUTOS = YES_AGGRESSIVE;
				GCC_WARN_UNUSED_FUNCTION = YES;
				GCC_WARN_UNUSED_VARIABLE = YES;
				IPHONEOS_DEPLOYMENT_TARGET = 18.5;
				LOCALIZATION_PREFERS_STRING_CATALOGS = YES;
				MTL_ENABLE_DEBUG_INFO = INCLUDE_SOURCE;
				MTL_FAST_MATH = YES;
				ONLY_ACTIVE_ARCH = YES;
				SDKROOT = iphoneos;
				SWIFT_ACTIVE_COMPILATION_CONDITIONS = "DEBUG $(inherited)";
				SWIFT_OPTIMIZATION_LEVEL = "-Onone";
			};
			name = Debug;
		};
		3A0768642FBDC780004C1D38 /* Release */ = {
			isa = XCBuildConfiguration;
			buildSettings = {
				ALWAYS_SEARCH_USER_PATHS = NO;
				ASSETCATALOG_COMPILER_GENERATE_SWIFT_ASSET_SYMBOL_EXTENSIONS = YES;
				CLANG_ANALYZER_NONNULL = YES;
				CLANG_ANALYZER_NUMBER_OBJECT_CONVERSION = YES_AGGRESSIVE;
				CLANG_CXX_LANGUAGE_STANDARD = "gnu++20";
				CLANG_ENABLE_MODULES = YES;
				CLANG_ENABLE_OBJC_ARC = YES;
				CLANG_ENABLE_OBJC_WEAK = YES;
				CLANG_WARN_BLOCK_CAPTURE_AUTORELEASING = YES;
				CLANG_WARN_BOOL_CONVERSION = YES;
				CLANG_WARN_COMMA = YES;
				CLANG_WARN_CONSTANT_CONVERSION = YES;
				CLANG_WARN_DEPRECATED_OBJC_IMPLEMENTATIONS = YES;
				CLANG_WARN_DIRECT_OBJC_ISA_USAGE = YES_ERROR;
				CLANG_WARN_DOCUMENTATION_COMMENTS = YES;
				CLANG_WARN_EMPTY_BODY = YES;
				CLANG_WARN_ENUM_CONVERSION = YES;
				CLANG_WARN_INFINITE_RECURSION = YES;
				CLANG_WARN_INT_CONVERSION = YES;
				CLANG_WARN_NON_LITERAL_NULL_CONVERSION = YES;
				CLANG_WARN_OBJC_IMPLICIT_RETAIN_SELF = YES;
				CLANG_WARN_OBJC_LITERAL_CONVERSION = YES;
				CLANG_WARN_OBJC_ROOT_CLASS = YES_ERROR;
				CLANG_WARN_QUOTED_INCLUDE_IN_FRAMEWORK_HEADER = YES;
				CLANG_WARN_RANGE_LOOP_ANALYSIS = YES;
				CLANG_WARN_STRICT_PROTOTYPES = YES;
				CLANG_WARN_SUSPICIOUS_MOVE = YES;
				CLANG_WARN_UNGUARDED_AVAILABILITY = YES_AGGRESSIVE;
				CLANG_WARN_UNREACHABLE_CODE = YES;
				CLANG_WARN__DUPLICATE_METHOD_MATCH = YES;
				COPY_PHASE_STRIP = NO;
				DEBUG_INFORMATION_FORMAT = "dwarf-with-dsym";
				ENABLE_NS_ASSERTIONS = NO;
				ENABLE_STRICT_OBJC_MSGSEND = YES;
				ENABLE_USER_SCRIPT_SANDBOXING = YES;
				GCC_C_LANGUAGE_STANDARD = gnu17;
				GCC_NO_COMMON_BLOCKS = YES;
				GCC_WARN_64_TO_32_BIT_CONVERSION = YES;
				GCC_WARN_ABOUT_RETURN_TYPE = YES_ERROR;
				GCC_WARN_UNDECLARED_SELECTOR = YES;
				GCC_WARN_UNINITIALIZED_AUTOS = YES_AGGRESSIVE;
				GCC_WARN_UNUSED_FUNCTION = YES;
				GCC_WARN_UNUSED_VARIABLE = YES;
				IPHONEOS_DEPLOYMENT_TARGET = 18.5;
				LOCALIZATION_PREFERS_STRING_CATALOGS = YES;
				MTL_ENABLE_DEBUG_INFO = NO;
				MTL_FAST_MATH = YES;
				SDKROOT = iphoneos;
				SWIFT_COMPILATION_MODE = wholemodule;
				VALIDATE_PRODUCT = YES;
			};
			name = Release;
		};
		3A0768662FBDC780004C1D38 /* Debug */ = {
			isa = XCBuildConfiguration;
			buildSettings = {
				ASSETCATALOG_COMPILER_APPICON_NAME = AppIcon;
				ASSETCATALOG_COMPILER_GLOBAL_ACCENT_COLOR_NAME = AccentColor;
				CODE_SIGN_STYLE = Automatic;
				CURRENT_PROJECT_VERSION = 1;
				ENABLE_PREVIEWS = YES;
				GENERATE_INFOPLIST_FILE = YES;
				INFOPLIST_KEY_UIApplicationSceneManifest_Generation = YES;
				INFOPLIST_KEY_UIApplicationSupportsIndirectInputEvents = YES;
				INFOPLIST_KEY_UILaunchScreen_Generation = YES;
				INFOPLIST_KEY_UISupportedInterfaceOrientations = UIInterfaceOrientationPortrait;
				IPHONEOS_DEPLOYMENT_TARGET = 18.5;
				LD_RUNPATH_SEARCH_PATHS = (
					"$(inherited)",
					"@executable_path/Frameworks",
				);
				MARKETING_VERSION = 1.0;
				PRODUCT_BUNDLE_IDENTIFIER = com.racheli.BankingTask;
				PRODUCT_NAME = "$(TARGET_NAME)";
				SWIFT_EMIT_LOC_STRINGS = YES;
				SWIFT_VERSION = 5.0;
				TARGETED_DEVICE_FAMILY = "1,2";
			};
			name = Debug;
		};
		3A0768672FBDC780004C1D38 /* Release */ = {
			isa = XCBuildConfiguration;
			buildSettings = {
				ASSETCATALOG_COMPILER_APPICON_NAME = AppIcon;
				ASSETCATALOG_COMPILER_GLOBAL_ACCENT_COLOR_NAME = AccentColor;
				CODE_SIGN_STYLE = Automatic;
				CURRENT_PROJECT_VERSION = 1;
				ENABLE_PREVIEWS = YES;
				GENERATE_INFOPLIST_FILE = YES;
				INFOPLIST_KEY_UIApplicationSceneManifest_Generation = YES;
				INFOPLIST_KEY_UIApplicationSupportsIndirectInputEvents = YES;
				INFOPLIST_KEY_UILaunchScreen_Generation = YES;
				INFOPLIST_KEY_UISupportedInterfaceOrientations = UIInterfaceOrientationPortrait;
				IPHONEOS_DEPLOYMENT_TARGET = 18.5;
				LD_RUNPATH_SEARCH_PATHS = (
					"$(inherited)",
					"@executable_path/Frameworks",
				);
				MARKETING_VERSION = 1.0;
				PRODUCT_BUNDLE_IDENTIFIER = com.racheli.BankingTask;
				PRODUCT_NAME = "$(TARGET_NAME)";
				SWIFT_EMIT_LOC_STRINGS = YES;
				SWIFT_VERSION = 5.0;
				TARGETED_DEVICE_FAMILY = "1,2";
			};
			name = Release;
		};
/* End XCBuildConfiguration section */

/* Begin XCConfigurationList section */
		3A0768552FBDC77F004C1D38 /* Build configuration list for PBXProject "BankingTask" */ = {
			isa = XCConfigurationList;
			buildConfigurations = (
				3A0768632FBDC780004C1D38 /* Debug */,
				3A0768642FBDC780004C1D38 /* Release */,
			);
			defaultConfigurationIsVisible = 0;
			defaultConfigurationName = Release;
		};
		3A0768652FBDC780004C1D38 /* Build configuration list for PBXNativeTarget "BankingTask" */ = {
			isa = XCConfigurationList;
			buildConfigurations = (
				3A0768662FBDC780004C1D38 /* Debug */,
				3A0768672FBDC780004C1D38 /* Release */,
			);
			defaultConfigurationIsVisible = 0;
			defaultConfigurationName = Release;
		};
/* End XCConfigurationList section */

/* Begin XCLocalSwiftPackageReference section */
		3A07686B2FBDDB1B004C1D38 /* XCLocalSwiftPackageReference "BankingDesignSystem" */ = {
			isa = XCLocalSwiftPackageReference;
			relativePath = BankingDesignSystem;
		};
/* End XCLocalSwiftPackageReference section */

/* Begin XCSwiftPackageProductDependency section */
		3A07686C2FBDDB1B004C1D38 /* BankingDesignSystem */ = {
			isa = XCSwiftPackageProductDependency;
			productName = BankingDesignSystem;
		};
/* End XCSwiftPackageProductDependency section */
	};
	rootObject = 3A0768522FBDC77F004C1D38 /* Project object */;
}
